# This file is autogenerated, do not edit; changes may be undone by the next 'dep ensure'.


[[projects]]
  digest = "1:ffe9824d294da03b391f44e1ae8281281b4afc1bdaa9588c9097785e3af10cec"
  name = "github.com/davecgh/go-spew"
  packages = ["spew"]
  pruneopts = "UT"
  revision = "8991bc29aa16c548c550c7ff78260e27b9ab7c73"
  version = "v1.1.1"

[[projects]]
  digest = "1:69148993c8baff35dbb0b5ec92eccb6b75b2b7255a4ad1257be38f51fff8f267"
  name = "github.com/golang/protobuf"
  packages = [
    "jsonpb",
    "proto",
    "ptypes/struct",
  ]
  pruneopts = "UT"
  revision = "aa810b61a9c79d51363740d207bb46cf8e620ed5"
  version = "v1.2.0"

[[projects]]
  branch = "master"
  digest = "1:12a4d93c4d6f87080617c6e0f24ef92cd4cb35a7cc81ed74ab05f8a5715eb2df"
  name = "github.com/iheanyi/twirptest"
  packages = ["."]
  pruneopts = "UT"
  revision = "d412973a002f918785bd885d53f876127cdea0c4"

[[projects]]
  digest = "1:841fcba20c9b41a7519f3910b083d16be2c3479cc282859333fe07145c5b9a9a"
  name = "github.com/opentracing/opentracing-go"
  packages = [
    ".",
    "ext",
    "log",
    "mocktracer",
  ]
  pruneopts = "UT"
  revision = "1949ddbfd147afd4d964a9f00b24eb291e0e7c38"
  version = "v1.0.2"

[[projects]]
  digest = "1:0028cb19b2e4c3112225cd871870f2d9cf49b9b4276531f03438a88e94be86fe"
  name = "github.com/pmezard/go-difflib"
  packages = ["difflib"]
  pruneopts = "UT"
  revision = "792786c7400a136282c1664665ae0a8db921c6c2"
  version = "v1.0.0"

[[projects]]
  digest = "1:972c2427413d41a1e06ca4897e8528e5a1622894050e2f527b38ddf0f343f759"
  name = "github.com/stretchr/testify"
  packages = ["assert"]
  pruneopts = "UT"
  revision = "ffdc059bfe9ce6a4e144ba849dbedead332c6053"
  version = "v1.3.0"

[[projects]]
  branch = "master"
  digest = "1:ec1f91ac0966e55a7606ec564d04e3e3fe20631dd1df688117c2fa616e3b6d4f"
  name = "github.com/twitchtv/twirp"
  packages = [
    ".",
    "ctxsetters",
    "internal/contextkeys",
  ]
  pruneopts = "UT"
  revision = "d91627be6d545d2f5a5249784aee38d0e0b60e41"

[[projects]]
  branch = "master"
  digest = "1:76ee51c3f468493aff39dbacc401e8831fbb765104cbf613b89bef01cf4bad70"
  name = "golang.org/x/net"
  packages = ["context"]
  pruneopts = "UT"
  revision = "ed066c81e75eba56dd9bd2139ade88125b855585"

[solve-meta]
  analyzer-name = "dep"
  analyzer-version = 1
  input-imports = [
    "github.com/iheanyi/twirptest",
    "github.com/opentracing/opentracing-go",
    "github.com/opentracing/opentracing-go/log",
    "github.com/opentracing/opentracing-go/mocktracer",
    "github.com/stretchr/testify/assert",
    "github.com/twitchtv/twirp",
  ]
  solver-name = "gps-cdcl"
  solver-version = 1
