# This file is autogenerated, do not edit; changes may be undone by the next 'dep ensure'.


[[projects]]
  digest = "1:9d7b1f07e44cada28e6160cb0a808ad2f71f32bd7114793fb0baa302db0e6229"
  name = "github.com/opentracing/opentracing-go"
  packages = [
    ".",
    "log",
  ]
  pruneopts = "UT"
  revision = "1949ddbfd147afd4d964a9f00b24eb291e0e7c38"
  version = "v1.0.2"

[[projects]]
  digest = "1:e6bc27de0bc721a29d3c40ea43e309f19618862a6aa01e6472dc1118c225f0f4"
  name = "github.com/twitchtv/twirp"
  packages = [
    ".",
    "internal/contextkeys",
  ]
  pruneopts = "UT"
  revision = "89e10d8c51c4ee477a43a6f817f1958b90fecff9"
  version = "v5.5.1"

[[projects]]
  branch = "master"
  digest = "1:76ee51c3f468493aff39dbacc401e8831fbb765104cbf613b89bef01cf4bad70"
  name = "golang.org/x/net"
  packages = ["context"]
  pruneopts = "UT"
  revision = "ed066c81e75eba56dd9bd2139ade88125b855585"

[solve-meta]
  analyzer-name = "dep"
  analyzer-version = 1
  input-imports = [
    "github.com/opentracing/opentracing-go",
    "github.com/twitchtv/twirp",
  ]
  solver-name = "gps-cdcl"
  solver-version = 1
